
Microsoft Visual Studio Solution File, Format Version 12.00
# Visual Studio Version 17
VisualStudioVersion = 17.10.35013.160
MinimumVisualStudioVersion = 10.0.40219.1
Project("{FAE04EC0-301F-11D3-BF4B-00C04F79EFBC}") = "WinArtApp", "WinArtApp.csproj", "{8FACFE95-CD91-4876-B19C-4DE48511CE16}"
EndProject
Global
	GlobalSection(SolutionConfigurationPlatforms) = preSolution
		Debug|Any CPU = Debug|Any CPU
		Release|Any CPU = Release|Any CPU
	EndGlobalSection
	GlobalSection(ProjectConfigurationPlatforms) = postSolution
		{8FACFE95-CD91-4876-B19C-4DE48511CE16}.Debug|Any CPU.ActiveCfg = Debug|Any CPU
		{8FACFE95-CD91-4876-B19C-4DE48511CE16}.Debug|Any CPU.Build.0 = Debug|Any CPU
		{8FACFE95-CD91-4876-B19C-4DE48511CE16}.Release|Any CPU.ActiveCfg = Release|Any CPU
		{8FACFE95-CD91-4876-B19C-4DE48511CE16}.Release|Any CPU.Build.0 = Release|Any CPU
	EndGlobalSection
	GlobalSection(SolutionProperties) = preSolution
		HideSolutionNode = FALSE
	EndGlobalSection
	GlobalSection(ExtensibilityGlobals) = postSolution
		SolutionGuid = {9EEE023B-F64A-4ADA-943C-2BBEE05988FC}
	EndGlobalSection
EndGlobal
